
Microsoft Visual Studio Solution File, Format Version 12.00
# Visual Studio Version 16
VisualStudioVersion = 16.0.29503.13
MinimumVisualStudioVersion = 10.0.40219.1
Project("{9A19103F-16F7-4668-BE54-9A1E7A4F7556}") = "SFA.DAS.Location.Api", "SFA.DAS.Location.Api\SFA.DAS.Location.Api.csproj", "{F3EDD9B6-AC2F-4D55-B26B-7CACB927FFE4}"
EndProject
Project("{9A19103F-16F7-4668-BE54-9A1E7A4F7556}") = "SFA.DAS.Location.Domain", "SFA.DAS.Location.Domain\SFA.DAS.Location.Domain.csproj", "{D2C7D787-53D5-43BD-BFFF-C6FCCE61150E}"
EndProject
Project("{9A19103F-16F7-4668-BE54-9A1E7A4F7556}") = "SFA.DAS.Location.Infrastructure", "SFA.DAS.Location.Infrastructure\SFA.DAS.Location.Infrastructure.csproj", "{E89FD415-230C-4A23-B0D5-F5CEF583C09E}"
EndProject
Project("{2150E333-8FDC-42A3-9474-1A3956D46DE8}") = "Tests", "Tests", "{E99E239B-C9EB-4FC8-8D32-FC292CA468E1}"
EndProject
Project("{9A19103F-16F7-4668-BE54-9A1E7A4F7556}") = "SFA.DAS.Location.Api.UnitTests", "SFA.DAS.Location.Api.UnitTests\SFA.DAS.Location.Api.UnitTests.csproj", "{03506945-8B10-41FB-9108-C9E5A3E0D3B6}"
EndProject
Project("{00D1A9C2-B5F0-4AF3-8072-F6C62B433612}") = "SFA.DAS.Location.Database", "SFA.DAS.Location.Database\SFA.DAS.Location.Database.sqlproj", "{B5442815-7C0F-49D4-BD85-8718528A1539}"
EndProject
Project("{FAE04EC0-301F-11D3-BF4B-00C04F79EFBC}") = "SFA.DAS.Location.Infrastructure.UnitTests", "SFA.DAS.Location.Infrastructure.UnitTests\SFA.DAS.Location.Infrastructure.UnitTests.csproj", "{77612332-1FC2-4CB0-B2B0-5C59C2C4ADF6}"
EndProject
Global
	GlobalSection(SolutionConfigurationPlatforms) = preSolution
		Debug|Any CPU = Debug|Any CPU
		Release|Any CPU = Release|Any CPU
	EndGlobalSection
	GlobalSection(ProjectConfigurationPlatforms) = postSolution
		{F3EDD9B6-AC2F-4D55-B26B-7CACB927FFE4}.Debug|Any CPU.ActiveCfg = Debug|Any CPU
		{F3EDD9B6-AC2F-4D55-B26B-7CACB927FFE4}.Debug|Any CPU.Build.0 = Debug|Any CPU
		{F3EDD9B6-AC2F-4D55-B26B-7CACB927FFE4}.Release|Any CPU.ActiveCfg = Release|Any CPU
		{F3EDD9B6-AC2F-4D55-B26B-7CACB927FFE4}.Release|Any CPU.Build.0 = Release|Any CPU
		{D2C7D787-53D5-43BD-BFFF-C6FCCE61150E}.Debug|Any CPU.ActiveCfg = Debug|Any CPU
		{D2C7D787-53D5-43BD-BFFF-C6FCCE61150E}.Debug|Any CPU.Build.0 = Debug|Any CPU
		{D2C7D787-53D5-43BD-BFFF-C6FCCE61150E}.Release|Any CPU.ActiveCfg = Release|Any CPU
		{D2C7D787-53D5-43BD-BFFF-C6FCCE61150E}.Release|Any CPU.Build.0 = Release|Any CPU
		{E89FD415-230C-4A23-B0D5-F5CEF583C09E}.Debug|Any CPU.ActiveCfg = Debug|Any CPU
		{E89FD415-230C-4A23-B0D5-F5CEF583C09E}.Debug|Any CPU.Build.0 = Debug|Any CPU
		{E89FD415-230C-4A23-B0D5-F5CEF583C09E}.Release|Any CPU.ActiveCfg = Release|Any CPU
		{E89FD415-230C-4A23-B0D5-F5CEF583C09E}.Release|Any CPU.Build.0 = Release|Any CPU
		{03506945-8B10-41FB-9108-C9E5A3E0D3B6}.Debug|Any CPU.ActiveCfg = Debug|Any CPU
		{03506945-8B10-41FB-9108-C9E5A3E0D3B6}.Debug|Any CPU.Build.0 = Debug|Any CPU
		{03506945-8B10-41FB-9108-C9E5A3E0D3B6}.Release|Any CPU.ActiveCfg = Release|Any CPU
		{03506945-8B10-41FB-9108-C9E5A3E0D3B6}.Release|Any CPU.Build.0 = Release|Any CPU
		{B5442815-7C0F-49D4-BD85-8718528A1539}.Debug|Any CPU.ActiveCfg = Debug|Any CPU
		{B5442815-7C0F-49D4-BD85-8718528A1539}.Debug|Any CPU.Build.0 = Debug|Any CPU
		{B5442815-7C0F-49D4-BD85-8718528A1539}.Debug|Any CPU.Deploy.0 = Debug|Any CPU
		{B5442815-7C0F-49D4-BD85-8718528A1539}.Release|Any CPU.ActiveCfg = Release|Any CPU
		{B5442815-7C0F-49D4-BD85-8718528A1539}.Release|Any CPU.Build.0 = Release|Any CPU
		{B5442815-7C0F-49D4-BD85-8718528A1539}.Release|Any CPU.Deploy.0 = Release|Any CPU
		{77612332-1FC2-4CB0-B2B0-5C59C2C4ADF6}.Debug|Any CPU.ActiveCfg = Debug|Any CPU
		{77612332-1FC2-4CB0-B2B0-5C59C2C4ADF6}.Debug|Any CPU.Build.0 = Debug|Any CPU
		{77612332-1FC2-4CB0-B2B0-5C59C2C4ADF6}.Release|Any CPU.ActiveCfg = Release|Any CPU
		{77612332-1FC2-4CB0-B2B0-5C59C2C4ADF6}.Release|Any CPU.Build.0 = Release|Any CPU
	EndGlobalSection
	GlobalSection(SolutionProperties) = preSolution
		HideSolutionNode = FALSE
	EndGlobalSection
	GlobalSection(NestedProjects) = preSolution
		{03506945-8B10-41FB-9108-C9E5A3E0D3B6} = {E99E239B-C9EB-4FC8-8D32-FC292CA468E1}
		{77612332-1FC2-4CB0-B2B0-5C59C2C4ADF6} = {E99E239B-C9EB-4FC8-8D32-FC292CA468E1}
	EndGlobalSection
	GlobalSection(ExtensibilityGlobals) = postSolution
		SolutionGuid = {B8D4C9D0-DB29-42C7-8F69-AFB64BE056CD}
	EndGlobalSection
EndGlobal
